// !$*UTF8*$!
{
	archiveVersion = 1;
	classes = {
	};
	objectVersion = 56;
	objects = {

/* Begin PBXBuildFile section */
		645FC4632C559EA800A4B6E9 /* TempFile.swift in Sources */ = {isa = PBXBuildFile; fileRef = 645FC4622C559EA800A4B6E9 /* TempFile.swift */; };
		645FC4652C567B8400A4B6E9 /* ProtoParseError.swift in Sources */ = {isa = PBXBuildFile; fileRef = 645FC4642C567B8400A4B6E9 /* ProtoParseError.swift */; };
		645FC4672C5681D100A4B6E9 /* FileError.swift in Sources */ = {isa = PBXBuildFile; fileRef = 645FC4662C5681D100A4B6E9 /* FileError.swift */; };
		645FC4682C5692DD00A4B6E9 /* CustomFileInputField.swift in Sources */ = {isa = PBXBuildFile; fileRef = 647FDF022C405DBC00E19112 /* CustomFileInputField.swift */; };
		645FC46C2C56DCFF00A4B6E9 /* AddProtoSourceView.swift in Sources */ = {isa = PBXBuildFile; fileRef = 645FC46B2C56DCFF00A4B6E9 /* AddProtoSourceView.swift */; };
		6487AE672C52BF9C000D1ED0 /* ProtoSourceListViewModel.swift in Sources */ = {isa = PBXBuildFile; fileRef = 6487AE662C52BF9C000D1ED0 /* ProtoSourceListViewModel.swift */; };
		6487AE692C52C33F000D1ED0 /* ProtoSourceContentView.swift in Sources */ = {isa = PBXBuildFile; fileRef = 6487AE682C52C33F000D1ED0 /* ProtoSourceContentView.swift */; };
		6487AE6B2C52C3B5000D1ED0 /* ProtoSourceListView.swift in Sources */ = {isa = PBXBuildFile; fileRef = 6487AE6A2C52C3B5000D1ED0 /* ProtoSourceListView.swift */; };
		6487AE6D2C52C58F000D1ED0 /* ProtoSourceRowView.swift in Sources */ = {isa = PBXBuildFile; fileRef = 6487AE6C2C52C58F000D1ED0 /* ProtoSourceRowView.swift */; };
		6487AE6F2C52C60E000D1ED0 /* ProtoSourceManagementModule.swift in Sources */ = {isa = PBXBuildFile; fileRef = 6487AE6E2C52C60E000D1ED0 /* ProtoSourceManagementModule.swift */; };
		64A9048A2C4BF19A00085F88 /* SwiftProtobuf in Frameworks */ = {isa = PBXBuildFile; productRef = 64A904892C4BF19A00085F88 /* SwiftProtobuf */; };
		64A9049A2C4C3FA200085F88 /* protoc in Resources */ = {isa = PBXBuildFile; fileRef = 64A904982C4C3FA200085F88 /* protoc */; };
		64A904BC2C4DC85800085F88 /* any.proto in Copy protobuf libs */ = {isa = PBXBuildFile; fileRef = 64A904A12C4DC6EA00085F88 /* any.proto */; };
		64A904BD2C4DC85800085F88 /* api.proto in Copy protobuf libs */ = {isa = PBXBuildFile; fileRef = 64A904A22C4DC6EA00085F88 /* api.proto */; };
		64A904BE2C4DC85800085F88 /* descriptor.proto in Copy protobuf libs */ = {isa = PBXBuildFile; fileRef = 64A904A32C4DC6EA00085F88 /* descriptor.proto */; };
		64A904BF2C4DC85800085F88 /* duration.proto in Copy protobuf libs */ = {isa = PBXBuildFile; fileRef = 64A904A42C4DC6EA00085F88 /* duration.proto */; };
		64A904C02C4DC85800085F88 /* empty.proto in Copy protobuf libs */ = {isa = PBXBuildFile; fileRef = 64A904A52C4DC6EA00085F88 /* empty.proto */; };
		64A904C12C4DC85800085F88 /* field_mask.proto in Copy protobuf libs */ = {isa = PBXBuildFile; fileRef = 64A904A62C4DC6EA00085F88 /* field_mask.proto */; };
		64A904C22C4DC85800085F88 /* source_context.proto in Copy protobuf libs */ = {isa = PBXBuildFile; fileRef = 64A904A72C4DC6EA00085F88 /* source_context.proto */; };
		64A904C32C4DC85800085F88 /* struct.proto in Copy protobuf libs */ = {isa = PBXBuildFile; fileRef = 64A904A82C4DC6EA00085F88 /* struct.proto */; };
		64A904C42C4DC85800085F88 /* timestamp.proto in Copy protobuf libs */ = {isa = PBXBuildFile; fileRef = 64A904A92C4DC6EA00085F88 /* timestamp.proto */; };
		64A904C52C4DC85800085F88 /* type.proto in Copy protobuf libs */ = {isa = PBXBuildFile; fileRef = 64A904AA2C4DC6EA00085F88 /* type.proto */; };
		64A904C62C4DC85800085F88 /* wrappers.proto in Copy protobuf libs */ = {isa = PBXBuildFile; fileRef = 64A904AB2C4DC6EA00085F88 /* wrappers.proto */; };
		64A904C82C4DC93F00085F88 /* plugin.proto in Copy protobuf compiler libs */ = {isa = PBXBuildFile; fileRef = 64A9049F2C4DC6EA00085F88 /* plugin.proto */; };
		64A905002C50557600085F88 /* ContentView.swift in Sources */ = {isa = PBXBuildFile; fileRef = 64A904FF2C50557600085F88 /* ContentView.swift */; };
		64A905022C50560200085F88 /* App.swift in Sources */ = {isa = PBXBuildFile; fileRef = 64A905012C50560200085F88 /* App.swift */; };
		64A905052C50583400085F88 /* Preview Assets.xcassets in Resources */ = {isa = PBXBuildFile; fileRef = 64A905042C50583400085F88 /* Preview Assets.xcassets */; };
		64A905062C51962900085F88 /* ProtoSource.swift in Sources */ = {isa = PBXBuildFile; fileRef = 64BF73E82BC0060C003220E4 /* ProtoSource.swift */; };
		64A905082C51985C00085F88 /* ProtoSourceManager.swift in Sources */ = {isa = PBXBuildFile; fileRef = 64A905072C51985C00085F88 /* ProtoSourceManager.swift */; };
		64BF73EB2BC0060D003220E4 /* Assets.xcassets in Resources */ = {isa = PBXBuildFile; fileRef = 64BF73EA2BC0060D003220E4 /* Assets.xcassets */; };
		64BF73F92BC0060D003220E4 /* TrueRPCTests.swift in Sources */ = {isa = PBXBuildFile; fileRef = 64BF73F82BC0060D003220E4 /* TrueRPCTests.swift */; };
		64BF74032BC0060D003220E4 /* TrueRPCUITests.swift in Sources */ = {isa = PBXBuildFile; fileRef = 64BF74022BC0060D003220E4 /* TrueRPCUITests.swift */; };
		64BF74052BC0060D003220E4 /* TrueRPCUITestsLaunchTests.swift in Sources */ = {isa = PBXBuildFile; fileRef = 64BF74042BC0060D003220E4 /* TrueRPCUITestsLaunchTests.swift */; };
/* End PBXBuildFile section */

/* Begin PBXContainerItemProxy section */
		64BF73F52BC0060D003220E4 /* PBXContainerItemProxy */ = {
			isa = PBXContainerItemProxy;
			containerPortal = 64BF73D92BC0060C003220E4 /* Project object */;
			proxyType = 1;
			remoteGlobalIDString = 64BF73E02BC0060C003220E4;
			remoteInfo = TrueRPC;
		};
		64BF73FF2BC0060D003220E4 /* PBXContainerItemProxy */ = {
			isa = PBXContainerItemProxy;
			containerPortal = 64BF73D92BC0060C003220E4 /* Project object */;
			proxyType = 1;
			remoteGlobalIDString = 64BF73E02BC0060C003220E4;
			remoteInfo = TrueRPC;
		};
/* End PBXContainerItemProxy section */

/* Begin PBXCopyFilesBuildPhase section */
		64A904BB2C4DC74500085F88 /* Copy protobuf libs */ = {
			isa = PBXCopyFilesBuildPhase;
			buildActionMask = 2147483647;
			dstPath = include/google/protobuf;
			dstSubfolderSpec = 7;
			files = (
				64A904BC2C4DC85800085F88 /* any.proto in Copy protobuf libs */,
				64A904BD2C4DC85800085F88 /* api.proto in Copy protobuf libs */,
				64A904BE2C4DC85800085F88 /* descriptor.proto in Copy protobuf libs */,
				64A904BF2C4DC85800085F88 /* duration.proto in Copy protobuf libs */,
				64A904C02C4DC85800085F88 /* empty.proto in Copy protobuf libs */,
				64A904C12C4DC85800085F88 /* field_mask.proto in Copy protobuf libs */,
				64A904C22C4DC85800085F88 /* source_context.proto in Copy protobuf libs */,
				64A904C32C4DC85800085F88 /* struct.proto in Copy protobuf libs */,
				64A904C42C4DC85800085F88 /* timestamp.proto in Copy protobuf libs */,
				64A904C52C4DC85800085F88 /* type.proto in Copy protobuf libs */,
				64A904C62C4DC85800085F88 /* wrappers.proto in Copy protobuf libs */,
			);
			name = "Copy protobuf libs";
			runOnlyForDeploymentPostprocessing = 0;
		};
		64A904C72C4DC91600085F88 /* Copy protobuf compiler libs */ = {
			isa = PBXCopyFilesBuildPhase;
			buildActionMask = 2147483647;
			dstPath = include/google/protobuf/compiler;
			dstSubfolderSpec = 7;
			files = (
				64A904C82C4DC93F00085F88 /* plugin.proto in Copy protobuf compiler libs */,
			);
			name = "Copy protobuf compiler libs";
			runOnlyForDeploymentPostprocessing = 0;
		};
/* End PBXCopyFilesBuildPhase section */

/* Begin PBXFileReference section */
		645FC4622C559EA800A4B6E9 /* TempFile.swift */ = {isa = PBXFileReference; lastKnownFileType = sourcecode.swift; path = TempFile.swift; sourceTree = "<group>"; };
		645FC4642C567B8400A4B6E9 /* ProtoParseError.swift */ = {isa = PBXFileReference; lastKnownFileType = sourcecode.swift; path = ProtoParseError.swift; sourceTree = "<group>"; };
		645FC4662C5681D100A4B6E9 /* FileError.swift */ = {isa = PBXFileReference; lastKnownFileType = sourcecode.swift; path = FileError.swift; sourceTree = "<group>"; };
		645FC46B2C56DCFF00A4B6E9 /* AddProtoSourceView.swift */ = {isa = PBXFileReference; lastKnownFileType = sourcecode.swift; path = AddProtoSourceView.swift; sourceTree = "<group>"; };
		647FDF022C405DBC00E19112 /* CustomFileInputField.swift */ = {isa = PBXFileReference; lastKnownFileType = sourcecode.swift; path = CustomFileInputField.swift; sourceTree = "<group>"; };
		647FDF042C40603C00E19112 /* AddProtoSourceView.swift */ = {isa = PBXFileReference; lastKnownFileType = sourcecode.swift; path = AddProtoSourceView.swift; sourceTree = "<group>"; };
		6487AE662C52BF9C000D1ED0 /* ProtoSourceListViewModel.swift */ = {isa = PBXFileReference; lastKnownFileType = sourcecode.swift; path = ProtoSourceListViewModel.swift; sourceTree = "<group>"; };
		6487AE682C52C33F000D1ED0 /* ProtoSourceContentView.swift */ = {isa = PBXFileReference; lastKnownFileType = sourcecode.swift; path = ProtoSourceContentView.swift; sourceTree = "<group>"; };
		6487AE6A2C52C3B5000D1ED0 /* ProtoSourceListView.swift */ = {isa = PBXFileReference; lastKnownFileType = sourcecode.swift; path = ProtoSourceListView.swift; sourceTree = "<group>"; };
		6487AE6C2C52C58F000D1ED0 /* ProtoSourceRowView.swift */ = {isa = PBXFileReference; lastKnownFileType = sourcecode.swift; path = ProtoSourceRowView.swift; sourceTree = "<group>"; };
		6487AE6E2C52C60E000D1ED0 /* ProtoSourceManagementModule.swift */ = {isa = PBXFileReference; lastKnownFileType = sourcecode.swift; path = ProtoSourceManagementModule.swift; sourceTree = "<group>"; };
		64A904982C4C3FA200085F88 /* protoc */ = {isa = PBXFileReference; lastKnownFileType = "compiled.mach-o.executable"; path = protoc; sourceTree = "<group>"; };
		64A9049B2C4C803500085F88 /* AddProtoSourceController.swift */ = {isa = PBXFileReference; lastKnownFileType = sourcecode.swift; path = AddProtoSourceController.swift; sourceTree = "<group>"; };
		64A9049F2C4DC6EA00085F88 /* plugin.proto */ = {isa = PBXFileReference; fileEncoding = 4; lastKnownFileType = sourcecode.protobuf; path = plugin.proto; sourceTree = "<group>"; };
		64A904A12C4DC6EA00085F88 /* any.proto */ = {isa = PBXFileReference; fileEncoding = 4; lastKnownFileType = sourcecode.protobuf; path = any.proto; sourceTree = "<group>"; };
		64A904A22C4DC6EA00085F88 /* api.proto */ = {isa = PBXFileReference; fileEncoding = 4; lastKnownFileType = sourcecode.protobuf; path = api.proto; sourceTree = "<group>"; };
		64A904A32C4DC6EA00085F88 /* descriptor.proto */ = {isa = PBXFileReference; fileEncoding = 4; lastKnownFileType = sourcecode.protobuf; path = descriptor.proto; sourceTree = "<group>"; };
		64A904A42C4DC6EA00085F88 /* duration.proto */ = {isa = PBXFileReference; fileEncoding = 4; lastKnownFileType = sourcecode.protobuf; path = duration.proto; sourceTree = "<group>"; };
		64A904A52C4DC6EA00085F88 /* empty.proto */ = {isa = PBXFileReference; fileEncoding = 4; lastKnownFileType = sourcecode.protobuf; path = empty.proto; sourceTree = "<group>"; };
		64A904A62C4DC6EA00085F88 /* field_mask.proto */ = {isa = PBXFileReference; fileEncoding = 4; lastKnownFileType = sourcecode.protobuf; path = field_mask.proto; sourceTree = "<group>"; };
		64A904A72C4DC6EA00085F88 /* source_context.proto */ = {isa = PBXFileReference; fileEncoding = 4; lastKnownFileType = sourcecode.protobuf; path = source_context.proto; sourceTree = "<group>"; };
		64A904A82C4DC6EA00085F88 /* struct.proto */ = {isa = PBXFileReference; fileEncoding = 4; lastKnownFileType = sourcecode.protobuf; path = struct.proto; sourceTree = "<group>"; };
		64A904A92C4DC6EA00085F88 /* timestamp.proto */ = {isa = PBXFileReference; fileEncoding = 4; lastKnownFileType = sourcecode.protobuf; path = timestamp.proto; sourceTree = "<group>"; };
		64A904AA2C4DC6EA00085F88 /* type.proto */ = {isa = PBXFileReference; fileEncoding = 4; lastKnownFileType = sourcecode.protobuf; path = type.proto; sourceTree = "<group>"; };
		64A904AB2C4DC6EA00085F88 /* wrappers.proto */ = {isa = PBXFileReference; fileEncoding = 4; lastKnownFileType = sourcecode.protobuf; path = wrappers.proto; sourceTree = "<group>"; };
		64A904FF2C50557600085F88 /* ContentView.swift */ = {isa = PBXFileReference; lastKnownFileType = sourcecode.swift; path = ContentView.swift; sourceTree = "<group>"; };
		64A905012C50560200085F88 /* App.swift */ = {isa = PBXFileReference; lastKnownFileType = sourcecode.swift; path = App.swift; sourceTree = "<group>"; };
		64A905042C50583400085F88 /* Preview Assets.xcassets */ = {isa = PBXFileReference; lastKnownFileType = folder.assetcatalog; path = "Preview Assets.xcassets"; sourceTree = "<group>"; };
		64A905072C51985C00085F88 /* ProtoSourceManager.swift */ = {isa = PBXFileReference; lastKnownFileType = sourcecode.swift; path = ProtoSourceManager.swift; sourceTree = "<group>"; };
		64BF73E12BC0060C003220E4 /* TrueRPC.app */ = {isa = PBXFileReference; explicitFileType = wrapper.application; includeInIndex = 0; path = TrueRPC.app; sourceTree = BUILT_PRODUCTS_DIR; };
		64BF73E62BC0060C003220E4 /* MainView.swift */ = {isa = PBXFileReference; lastKnownFileType = sourcecode.swift; path = MainView.swift; sourceTree = "<group>"; };
		64BF73E82BC0060C003220E4 /* ProtoSource.swift */ = {isa = PBXFileReference; lastKnownFileType = sourcecode.swift; path = ProtoSource.swift; sourceTree = "<group>"; };
		64BF73EA2BC0060D003220E4 /* Assets.xcassets */ = {isa = PBXFileReference; lastKnownFileType = folder.assetcatalog; path = Assets.xcassets; sourceTree = "<group>"; };
		64BF73EF2BC0060D003220E4 /* TrueRPC.entitlements */ = {isa = PBXFileReference; lastKnownFileType = text.plist.entitlements; path = TrueRPC.entitlements; sourceTree = "<group>"; };
		64BF73F42BC0060D003220E4 /* TrueRPCTests.xctest */ = {isa = PBXFileReference; explicitFileType = wrapper.cfbundle; includeInIndex = 0; path = TrueRPCTests.xctest; sourceTree = BUILT_PRODUCTS_DIR; };
		64BF73F82BC0060D003220E4 /* TrueRPCTests.swift */ = {isa = PBXFileReference; lastKnownFileType = sourcecode.swift; path = TrueRPCTests.swift; sourceTree = "<group>"; };
		64BF73FE2BC0060D003220E4 /* TrueRPCUITests.xctest */ = {isa = PBXFileReference; explicitFileType = wrapper.cfbundle; includeInIndex = 0; path = TrueRPCUITests.xctest; sourceTree = BUILT_PRODUCTS_DIR; };
		64BF74022BC0060D003220E4 /* TrueRPCUITests.swift */ = {isa = PBXFileReference; lastKnownFileType = sourcecode.swift; path = TrueRPCUITests.swift; sourceTree = "<group>"; };
		64BF74042BC0060D003220E4 /* TrueRPCUITestsLaunchTests.swift */ = {isa = PBXFileReference; lastKnownFileType = sourcecode.swift; path = TrueRPCUITestsLaunchTests.swift; sourceTree = "<group>"; };
/* End PBXFileReference section */

/* Begin PBXFrameworksBuildPhase section */
		64BF73DE2BC0060C003220E4 /* Frameworks */ = {
			isa = PBXFrameworksBuildPhase;
			buildActionMask = 2147483647;
			files = (
				64A9048A2C4BF19A00085F88 /* SwiftProtobuf in Frameworks */,
			);
			runOnlyForDeploymentPostprocessing = 0;
		};
		64BF73F12BC0060D003220E4 /* Frameworks */ = {
			isa = PBXFrameworksBuildPhase;
			buildActionMask = 2147483647;
			files = (
			);
			runOnlyForDeploymentPostprocessing = 0;
		};
		64BF73FB2BC0060D003220E4 /* Frameworks */ = {
			isa = PBXFrameworksBuildPhase;
			buildActionMask = 2147483647;
			files = (
			);
			runOnlyForDeploymentPostprocessing = 0;
		};
/* End PBXFrameworksBuildPhase section */

/* Begin PBXGroup section */
		64A904802C4BEE7C00085F88 /* Resources */ = {
			isa = PBXGroup;
			children = (
				64BF73EA2BC0060D003220E4 /* Assets.xcassets */,
				64A904AE2C4DC6EA00085F88 /* include */,
				64A904992C4C3FA200085F88 /* bin */,
			);
			path = Resources;
			sourceTree = "<group>";
		};
		64A904992C4C3FA200085F88 /* bin */ = {
			isa = PBXGroup;
			children = (
				64A904982C4C3FA200085F88 /* protoc */,
			);
			path = bin;
			sourceTree = "<group>";
		};
		64A904A02C4DC6EA00085F88 /* compiler */ = {
			isa = PBXGroup;
			children = (
				64A9049F2C4DC6EA00085F88 /* plugin.proto */,
			);
			path = compiler;
			sourceTree = "<group>";
		};
		64A904AC2C4DC6EA00085F88 /* protobuf */ = {
			isa = PBXGroup;
			children = (
				64A904A02C4DC6EA00085F88 /* compiler */,
				64A904A12C4DC6EA00085F88 /* any.proto */,
				64A904A22C4DC6EA00085F88 /* api.proto */,
				64A904A32C4DC6EA00085F88 /* descriptor.proto */,
				64A904A42C4DC6EA00085F88 /* duration.proto */,
				64A904A52C4DC6EA00085F88 /* empty.proto */,
				64A904A62C4DC6EA00085F88 /* field_mask.proto */,
				64A904A72C4DC6EA00085F88 /* source_context.proto */,
				64A904A82C4DC6EA00085F88 /* struct.proto */,
				64A904A92C4DC6EA00085F88 /* timestamp.proto */,
				64A904AA2C4DC6EA00085F88 /* type.proto */,
				64A904AB2C4DC6EA00085F88 /* wrappers.proto */,
			);
			path = protobuf;
			sourceTree = "<group>";
		};
		64A904AD2C4DC6EA00085F88 /* google */ = {
			isa = PBXGroup;
			children = (
				64A904AC2C4DC6EA00085F88 /* protobuf */,
			);
			path = google;
			sourceTree = "<group>";
		};
		64A904AE2C4DC6EA00085F88 /* include */ = {
			isa = PBXGroup;
			children = (
				64A904AD2C4DC6EA00085F88 /* google */,
			);
			path = include;
			sourceTree = "<group>";
		};
		64A904E62C504F2000085F88 /* Modules */ = {
			isa = PBXGroup;
			children = (
				64A904F42C50535300085F88 /* ProtoSourceManagement */,
			);
			path = Modules;
			sourceTree = "<group>";
		};
		64A904E72C504F3C00085F88 /* Models */ = {
			isa = PBXGroup;
			children = (
				64BF73E82BC0060C003220E4 /* ProtoSource.swift */,
				645FC4622C559EA800A4B6E9 /* TempFile.swift */,
			);
			path = Models;
			sourceTree = "<group>";
		};
		64A904E82C504F4700085F88 /* Services */ = {
			isa = PBXGroup;
			children = (
				64A905072C51985C00085F88 /* ProtoSourceManager.swift */,
				645FC4642C567B8400A4B6E9 /* ProtoParseError.swift */,
				645FC4662C5681D100A4B6E9 /* FileError.swift */,
			);
			path = Services;
			sourceTree = "<group>";
		};
		64A904EE2C50535300085F88 /* ViewModels */ = {
			isa = PBXGroup;
			children = (
				6487AE662C52BF9C000D1ED0 /* ProtoSourceListViewModel.swift */,
			);
			path = ViewModels;
			sourceTree = "<group>";
		};
		64A904F22C50535300085F88 /* Views */ = {
			isa = PBXGroup;
			children = (
				6487AE682C52C33F000D1ED0 /* ProtoSourceContentView.swift */,
				6487AE6A2C52C3B5000D1ED0 /* ProtoSourceListView.swift */,
				6487AE6C2C52C58F000D1ED0 /* ProtoSourceRowView.swift */,
				645FC46B2C56DCFF00A4B6E9 /* AddProtoSourceView.swift */,
			);
			path = Views;
			sourceTree = "<group>";
		};
		64A904F42C50535300085F88 /* ProtoSourceManagement */ = {
			isa = PBXGroup;
			children = (
				64A904EE2C50535300085F88 /* ViewModels */,
				64A904F22C50535300085F88 /* Views */,
				6487AE6E2C52C60E000D1ED0 /* ProtoSourceManagementModule.swift */,
			);
			path = ProtoSourceManagement;
			sourceTree = "<group>";
		};
		64A904FE2C50555B00085F88 /* OLD */ = {
			isa = PBXGroup;
			children = (
				64BF73E62BC0060C003220E4 /* MainView.swift */,
				647FDF042C40603C00E19112 /* AddProtoSourceView.swift */,
				647FDF022C405DBC00E19112 /* CustomFileInputField.swift */,
				64A9049B2C4C803500085F88 /* AddProtoSourceController.swift */,
			);
			path = OLD;
			sourceTree = "<group>";
		};
		64A905032C5057EC00085F88 /* Preview Content */ = {
			isa = PBXGroup;
			children = (
				64A905042C50583400085F88 /* Preview Assets.xcassets */,
			);
			path = "Preview Content";
			sourceTree = "<group>";
		};
		64BF73D82BC0060C003220E4 = {
			isa = PBXGroup;
			children = (
				64A904FE2C50555B00085F88 /* OLD */,
				64BF73E32BC0060C003220E4 /* TrueRPC */,
				64BF73F72BC0060D003220E4 /* TrueRPCTests */,
				64BF74012BC0060D003220E4 /* TrueRPCUITests */,
				64BF73E22BC0060C003220E4 /* Products */,
			);
			sourceTree = "<group>";
		};
		64BF73E22BC0060C003220E4 /* Products */ = {
			isa = PBXGroup;
			children = (
				64BF73E12BC0060C003220E4 /* TrueRPC.app */,
				64BF73F42BC0060D003220E4 /* TrueRPCTests.xctest */,
				64BF73FE2BC0060D003220E4 /* TrueRPCUITests.xctest */,
			);
			name = Products;
			sourceTree = "<group>";
		};
		64BF73E32BC0060C003220E4 /* TrueRPC */ = {
			isa = PBXGroup;
			children = (
				64A905032C5057EC00085F88 /* Preview Content */,
				64A904E82C504F4700085F88 /* Services */,
				64A904E72C504F3C00085F88 /* Models */,
				64A904E62C504F2000085F88 /* Modules */,
				64A904802C4BEE7C00085F88 /* Resources */,
				64BF73EF2BC0060D003220E4 /* TrueRPC.entitlements */,
				64A904FF2C50557600085F88 /* ContentView.swift */,
				64A905012C50560200085F88 /* App.swift */,
			);
			path = TrueRPC;
			sourceTree = "<group>";
		};
		64BF73F72BC0060D003220E4 /* TrueRPCTests */ = {
			isa = PBXGroup;
			children = (
				64BF73F82BC0060D003220E4 /* TrueRPCTests.swift */,
			);
			path = TrueRPCTests;
			sourceTree = "<group>";
		};
		64BF74012BC0060D003220E4 /* TrueRPCUITests */ = {
			isa = PBXGroup;
			children = (
				64BF74022BC0060D003220E4 /* TrueRPCUITests.swift */,
				64BF74042BC0060D003220E4 /* TrueRPCUITestsLaunchTests.swift */,
			);
			path = TrueRPCUITests;
			sourceTree = "<group>";
		};
/* End PBXGroup section */

/* Begin PBXNativeTarget section */
		64BF73E02BC0060C003220E4 /* TrueRPC */ = {
			isa = PBXNativeTarget;
			buildConfigurationList = 64BF74082BC0060D003220E4 /* Build configuration list for PBXNativeTarget "TrueRPC" */;
			buildPhases = (
				64BF73DD2BC0060C003220E4 /* Sources */,
				64BF73DE2BC0060C003220E4 /* Frameworks */,
				64BF73DF2BC0060C003220E4 /* Resources */,
				64A904BB2C4DC74500085F88 /* Copy protobuf libs */,
				64A904C72C4DC91600085F88 /* Copy protobuf compiler libs */,
			);
			buildRules = (
			);
			dependencies = (
			);
			name = TrueRPC;
			packageProductDependencies = (
				64A904892C4BF19A00085F88 /* SwiftProtobuf */,
			);
			productName = TrueRPC;
			productReference = 64BF73E12BC0060C003220E4 /* TrueRPC.app */;
			productType = "com.apple.product-type.application";
		};
		64BF73F32BC0060D003220E4 /* TrueRPCTests */ = {
			isa = PBXNativeTarget;
			buildConfigurationList = 64BF740B2BC0060D003220E4 /* Build configuration list for PBXNativeTarget "TrueRPCTests" */;
			buildPhases = (
				64BF73F02BC0060D003220E4 /* Sources */,
				64BF73F12BC0060D003220E4 /* Frameworks */,
				64BF73F22BC0060D003220E4 /* Resources */,
			);
			buildRules = (
			);
			dependencies = (
				64BF73F62BC0060D003220E4 /* PBXTargetDependency */,
			);
			name = TrueRPCTests;
			productName = TrueRPCTests;
			productReference = 64BF73F42BC0060D003220E4 /* TrueRPCTests.xctest */;
			productType = "com.apple.product-type.bundle.unit-test";
		};
		64BF73FD2BC0060D003220E4 /* TrueRPCUITests */ = {
			isa = PBXNativeTarget;
			buildConfigurationList = 64BF740E2BC0060D003220E4 /* Build configuration list for PBXNativeTarget "TrueRPCUITests" */;
			buildPhases = (
				64BF73FA2BC0060D003220E4 /* Sources */,
				64BF73FB2BC0060D003220E4 /* Frameworks */,
				64BF73FC2BC0060D003220E4 /* Resources */,
			);
			buildRules = (
			);
			dependencies = (
				64BF74002BC0060D003220E4 /* PBXTargetDependency */,
			);
			name = TrueRPCUITests;
			productName = TrueRPCUITests;
			productReference = 64BF73FE2BC0060D003220E4 /* TrueRPCUITests.xctest */;
			productType = "com.apple.product-type.bundle.ui-testing";
		};
/* End PBXNativeTarget section */

/* Begin PBXProject section */
		64BF73D92BC0060C003220E4 /* Project object */ = {
			isa = PBXProject;
			attributes = {
				BuildIndependentTargetsInParallel = 1;
				LastSwiftUpdateCheck = 1530;
				LastUpgradeCheck = 1540;
				TargetAttributes = {
					64BF73E02BC0060C003220E4 = {
						CreatedOnToolsVersion = 15.3;
					};
					64BF73F32BC0060D003220E4 = {
						CreatedOnToolsVersion = 15.3;
						TestTargetID = 64BF73E02BC0060C003220E4;
					};
					64BF73FD2BC0060D003220E4 = {
						CreatedOnToolsVersion = 15.3;
						TestTargetID = 64BF73E02BC0060C003220E4;
					};
				};
			};
			buildConfigurationList = 64BF73DC2BC0060C003220E4 /* Build configuration list for PBXProject "TrueRPC" */;
			compatibilityVersion = "Xcode 14.0";
			developmentRegion = en;
			hasScannedForEncodings = 0;
			knownRegions = (
				en,
				Base,
			);
			mainGroup = 64BF73D82BC0060C003220E4;
			packageReferences = (
				64A904882C4BF19A00085F88 /* XCRemoteSwiftPackageReference "swift-protobuf" */,
			);
			productRefGroup = 64BF73E22BC0060C003220E4 /* Products */;
			projectDirPath = "";
			projectRoot = "";
			targets = (
				64BF73E02BC0060C003220E4 /* TrueRPC */,
				64BF73F32BC0060D003220E4 /* TrueRPCTests */,
				64BF73FD2BC0060D003220E4 /* TrueRPCUITests */,
			);
		};
/* End PBXProject section */

/* Begin PBXResourcesBuildPhase section */
		64BF73DF2BC0060C003220E4 /* Resources */ = {
			isa = PBXResourcesBuildPhase;
			buildActionMask = 2147483647;
			files = (
				64BF73EB2BC0060D003220E4 /* Assets.xcassets in Resources */,
				64A905052C50583400085F88 /* Preview Assets.xcassets in Resources */,
				64A9049A2C4C3FA200085F88 /* protoc in Resources */,
			);
			runOnlyForDeploymentPostprocessing = 0;
		};
		64BF73F22BC0060D003220E4 /* Resources */ = {
			isa = PBXResourcesBuildPhase;
			buildActionMask = 2147483647;
			files = (
			);
			runOnlyForDeploymentPostprocessing = 0;
		};
		64BF73FC2BC0060D003220E4 /* Resources */ = {
			isa = PBXResourcesBuildPhase;
			buildActionMask = 2147483647;
			files = (
			);
			runOnlyForDeploymentPostprocessing = 0;
		};
/* End PBXResourcesBuildPhase section */

/* Begin PBXSourcesBuildPhase section */
		64BF73DD2BC0060C003220E4 /* Sources */ = {
			isa = PBXSourcesBuildPhase;
			buildActionMask = 2147483647;
			files = (
				6487AE6B2C52C3B5000D1ED0 /* ProtoSourceListView.swift in Sources */,
				645FC4682C5692DD00A4B6E9 /* CustomFileInputField.swift in Sources */,
				64A905062C51962900085F88 /* ProtoSource.swift in Sources */,
				64A905022C50560200085F88 /* App.swift in Sources */,
				645FC4652C567B8400A4B6E9 /* ProtoParseError.swift in Sources */,
				6487AE692C52C33F000D1ED0 /* ProtoSourceContentView.swift in Sources */,
				645FC46C2C56DCFF00A4B6E9 /* AddProtoSourceView.swift in Sources */,
				64A905082C51985C00085F88 /* ProtoSourceManager.swift in Sources */,
				6487AE6D2C52C58F000D1ED0 /* ProtoSourceRowView.swift in Sources */,
				6487AE6F2C52C60E000D1ED0 /* ProtoSourceManagementModule.swift in Sources */,
				645FC4672C5681D100A4B6E9 /* FileError.swift in Sources */,
				6487AE672C52BF9C000D1ED0 /* ProtoSourceListViewModel.swift in Sources */,
				64A905002C50557600085F88 /* ContentView.swift in Sources */,
				645FC4632C559EA800A4B6E9 /* TempFile.swift in Sources */,
			);
			runOnlyForDeploymentPostprocessing = 0;
		};
		64BF73F02BC0060D003220E4 /* Sources */ = {
			isa = PBXSourcesBuildPhase;
			buildActionMask = 2147483647;
			files = (
				64BF73F92BC0060D003220E4 /* TrueRPCTests.swift in Sources */,
			);
			runOnlyForDeploymentPostprocessing = 0;
		};
		64BF73FA2BC0060D003220E4 /* Sources */ = {
			isa = PBXSourcesBuildPhase;
			buildActionMask = 2147483647;
			files = (
				64BF74052BC0060D003220E4 /* TrueRPCUITestsLaunchTests.swift in Sources */,
				64BF74032BC0060D003220E4 /* TrueRPCUITests.swift in Sources */,
			);
			runOnlyForDeploymentPostprocessing = 0;
		};
/* End PBXSourcesBuildPhase section */

/* Begin PBXTargetDependency section */
		64BF73F62BC0060D003220E4 /* PBXTargetDependency */ = {
			isa = PBXTargetDependency;
			target = 64BF73E02BC0060C003220E4 /* TrueRPC */;
			targetProxy = 64BF73F52BC0060D003220E4 /* PBXContainerItemProxy */;
		};
		64BF74002BC0060D003220E4 /* PBXTargetDependency */ = {
			isa = PBXTargetDependency;
			target = 64BF73E02BC0060C003220E4 /* TrueRPC */;
			targetProxy = 64BF73FF2BC0060D003220E4 /* PBXContainerItemProxy */;
		};
/* End PBXTargetDependency section */

/* Begin XCBuildConfiguration section */
		64BF74062BC0060D003220E4 /* Debug */ = {
			isa = XCBuildConfiguration;
			buildSettings = {
				ALWAYS_SEARCH_USER_PATHS = NO;
				ASSETCATALOG_COMPILER_GENERATE_SWIFT_ASSET_SYMBOL_EXTENSIONS = YES;
				CLANG_ANALYZER_NONNULL = YES;
				CLANG_ANALYZER_NUMBER_OBJECT_CONVERSION = YES_AGGRESSIVE;
				CLANG_CXX_LANGUAGE_STANDARD = "gnu++20";
				CLANG_ENABLE_MODULES = YES;
				CLANG_ENABLE_OBJC_ARC = YES;
				CLANG_ENABLE_OBJC_WEAK = YES;
				CLANG_WARN_BLOCK_CAPTURE_AUTORELEASING = YES;
				CLANG_WARN_BOOL_CONVERSION = YES;
				CLANG_WARN_COMMA = YES;
				CLANG_WARN_CONSTANT_CONVERSION = YES;
				CLANG_WARN_DEPRECATED_OBJC_IMPLEMENTATIONS = YES;
				CLANG_WARN_DIRECT_OBJC_ISA_USAGE = YES_ERROR;
				CLANG_WARN_DOCUMENTATION_COMMENTS = YES;
				CLANG_WARN_EMPTY_BODY = YES;
				CLANG_WARN_ENUM_CONVERSION = YES;
				CLANG_WARN_INFINITE_RECURSION = YES;
				CLANG_WARN_INT_CONVERSION = YES;
				CLANG_WARN_NON_LITERAL_NULL_CONVERSION = YES;
				CLANG_WARN_OBJC_IMPLICIT_RETAIN_SELF = YES;
				CLANG_WARN_OBJC_LITERAL_CONVERSION = YES;
				CLANG_WARN_OBJC_ROOT_CLASS = YES_ERROR;
				CLANG_WARN_QUOTED_INCLUDE_IN_FRAMEWORK_HEADER = YES;
				CLANG_WARN_RANGE_LOOP_ANALYSIS = YES;
				CLANG_WARN_STRICT_PROTOTYPES = YES;
				CLANG_WARN_SUSPICIOUS_MOVE = YES;
				CLANG_WARN_UNGUARDED_AVAILABILITY = YES_AGGRESSIVE;
				CLANG_WARN_UNREACHABLE_CODE = YES;
				CLANG_WARN__DUPLICATE_METHOD_MATCH = YES;
				COPY_PHASE_STRIP = NO;
				DEAD_CODE_STRIPPING = YES;
				DEBUG_INFORMATION_FORMAT = dwarf;
				ENABLE_STRICT_OBJC_MSGSEND = YES;
				ENABLE_TESTABILITY = YES;
				ENABLE_USER_SCRIPT_SANDBOXING = YES;
				GCC_C_LANGUAGE_STANDARD = gnu17;
				GCC_DYNAMIC_NO_PIC = NO;
				GCC_NO_COMMON_BLOCKS = YES;
				GCC_OPTIMIZATION_LEVEL = 0;
				GCC_PREPROCESSOR_DEFINITIONS = (
					"DEBUG=1",
					"$(inherited)",
				);
				GCC_WARN_64_TO_32_BIT_CONVERSION = YES;
				GCC_WARN_ABOUT_RETURN_TYPE = YES_ERROR;
				GCC_WARN_UNDECLARED_SELECTOR = YES;
				GCC_WARN_UNINITIALIZED_AUTOS = YES_AGGRESSIVE;
				GCC_WARN_UNUSED_FUNCTION = YES;
				GCC_WARN_UNUSED_VARIABLE = YES;
				LOCALIZATION_PREFERS_STRING_CATALOGS = YES;
				MACOSX_DEPLOYMENT_TARGET = 14.4;
				MTL_ENABLE_DEBUG_INFO = INCLUDE_SOURCE;
				MTL_FAST_MATH = YES;
				ONLY_ACTIVE_ARCH = YES;
				SDKROOT = macosx;
				SWIFT_ACTIVE_COMPILATION_CONDITIONS = "DEBUG $(inherited)";
				SWIFT_OPTIMIZATION_LEVEL = "-Onone";
			};
			name = Debug;
		};
		64BF74072BC0060D003220E4 /* Release */ = {
			isa = XCBuildConfiguration;
			buildSettings = {
				ALWAYS_SEARCH_USER_PATHS = NO;
				ASSETCATALOG_COMPILER_GENERATE_SWIFT_ASSET_SYMBOL_EXTENSIONS = YES;
				CLANG_ANALYZER_NONNULL = YES;
				CLANG_ANALYZER_NUMBER_OBJECT_CONVERSION = YES_AGGRESSIVE;
				CLANG_CXX_LANGUAGE_STANDARD = "gnu++20";
				CLANG_ENABLE_MODULES = YES;
				CLANG_ENABLE_OBJC_ARC = YES;
				CLANG_ENABLE_OBJC_WEAK = YES;
				CLANG_WARN_BLOCK_CAPTURE_AUTORELEASING = YES;
				CLANG_WARN_BOOL_CONVERSION = YES;
				CLANG_WARN_COMMA = YES;
				CLANG_WARN_CONSTANT_CONVERSION = YES;
				CLANG_WARN_DEPRECATED_OBJC_IMPLEMENTATIONS = YES;
				CLANG_WARN_DIRECT_OBJC_ISA_USAGE = YES_ERROR;
				CLANG_WARN_DOCUMENTATION_COMMENTS = YES;
				CLANG_WARN_EMPTY_BODY = YES;
				CLANG_WARN_ENUM_CONVERSION = YES;
				CLANG_WARN_INFINITE_RECURSION = YES;
				CLANG_WARN_INT_CONVERSION = YES;
				CLANG_WARN_NON_LITERAL_NULL_CONVERSION = YES;
				CLANG_WARN_OBJC_IMPLICIT_RETAIN_SELF = YES;
				CLANG_WARN_OBJC_LITERAL_CONVERSION = YES;
				CLANG_WARN_OBJC_ROOT_CLASS = YES_ERROR;
				CLANG_WARN_QUOTED_INCLUDE_IN_FRAMEWORK_HEADER = YES;
				CLANG_WARN_RANGE_LOOP_ANALYSIS = YES;
				CLANG_WARN_STRICT_PROTOTYPES = YES;
				CLANG_WARN_SUSPICIOUS_MOVE = YES;
				CLANG_WARN_UNGUARDED_AVAILABILITY = YES_AGGRESSIVE;
				CLANG_WARN_UNREACHABLE_CODE = YES;
				CLANG_WARN__DUPLICATE_METHOD_MATCH = YES;
				COPY_PHASE_STRIP = NO;
				DEAD_CODE_STRIPPING = YES;
				DEBUG_INFORMATION_FORMAT = "dwarf-with-dsym";
				ENABLE_NS_ASSERTIONS = NO;
				ENABLE_STRICT_OBJC_MSGSEND = YES;
				ENABLE_USER_SCRIPT_SANDBOXING = YES;
				GCC_C_LANGUAGE_STANDARD = gnu17;
				GCC_NO_COMMON_BLOCKS = YES;
				GCC_WARN_64_TO_32_BIT_CONVERSION = YES;
				GCC_WARN_ABOUT_RETURN_TYPE = YES_ERROR;
				GCC_WARN_UNDECLARED_SELECTOR = YES;
				GCC_WARN_UNINITIALIZED_AUTOS = YES_AGGRESSIVE;
				GCC_WARN_UNUSED_FUNCTION = YES;
				GCC_WARN_UNUSED_VARIABLE = YES;
				LOCALIZATION_PREFERS_STRING_CATALOGS = YES;
				MACOSX_DEPLOYMENT_TARGET = 14.4;
				MTL_ENABLE_DEBUG_INFO = NO;
				MTL_FAST_MATH = YES;
				SDKROOT = macosx;
				SWIFT_COMPILATION_MODE = wholemodule;
			};
			name = Release;
		};
		64BF74092BC0060D003220E4 /* Debug */ = {
			isa = XCBuildConfiguration;
			buildSettings = {
				ASSETCATALOG_COMPILER_APPICON_NAME = AppIcon;
				ASSETCATALOG_COMPILER_GLOBAL_ACCENT_COLOR_NAME = AccentColor;
				ASSETCATALOG_COMPILER_INCLUDE_ALL_APPICON_ASSETS = YES;
				CODE_SIGN_ENTITLEMENTS = TrueRPC/TrueRPC.entitlements;
				"CODE_SIGN_IDENTITY[sdk=macosx*]" = "Apple Development";
				CODE_SIGN_STYLE = Automatic;
				COMBINE_HIDPI_IMAGES = YES;
				CURRENT_PROJECT_VERSION = 1;
				DEAD_CODE_STRIPPING = YES;
				DEVELOPMENT_ASSET_PATHS = "\"TrueRPC/Preview Content\"";
				DEVELOPMENT_TEAM = 57UWRPUUGM;
				ENABLE_HARDENED_RUNTIME = YES;
				ENABLE_PREVIEWS = YES;
				GENERATE_INFOPLIST_FILE = YES;
				INFOPLIST_KEY_CFBundleDisplayName = TrueRPC;
				INFOPLIST_KEY_LSApplicationCategoryType = "public.app-category.developer-tools";
				LD_RUNPATH_SEARCH_PATHS = (
					"$(inherited)",
					"@executable_path/../Frameworks",
				);
				MACOSX_DEPLOYMENT_TARGET = 14.0;
				MARKETING_VERSION = 0.1.0;
				PRODUCT_BUNDLE_IDENTIFIER = com.truewebber.truerpc;
				PRODUCT_NAME = "$(TARGET_NAME)";
				SWIFT_EMIT_LOC_STRINGS = YES;
				SWIFT_VERSION = 5.0;
			};
			name = Debug;
		};
		64BF740A2BC0060D003220E4 /* Release */ = {
			isa = XCBuildConfiguration;
			buildSettings = {
				ASSETCATALOG_COMPILER_APPICON_NAME = AppIcon;
				ASSETCATALOG_COMPILER_GLOBAL_ACCENT_COLOR_NAME = AccentColor;
				ASSETCATALOG_COMPILER_INCLUDE_ALL_APPICON_ASSETS = YES;
				CODE_SIGN_ENTITLEMENTS = TrueRPC/TrueRPC.entitlements;
				"CODE_SIGN_IDENTITY[sdk=macosx*]" = "Apple Development";
				CODE_SIGN_STYLE = Automatic;
				COMBINE_HIDPI_IMAGES = YES;
				CURRENT_PROJECT_VERSION = 1;
				DEAD_CODE_STRIPPING = YES;
				DEVELOPMENT_ASSET_PATHS = "\"TrueRPC/Preview Content\"";
				DEVELOPMENT_TEAM = 57UWRPUUGM;
				ENABLE_HARDENED_RUNTIME = YES;
				ENABLE_PREVIEWS = YES;
				GENERATE_INFOPLIST_FILE = YES;
				INFOPLIST_KEY_CFBundleDisplayName = TrueRPC;
				INFOPLIST_KEY_LSApplicationCategoryType = "public.app-category.developer-tools";
				LD_RUNPATH_SEARCH_PATHS = (
					"$(inherited)",
					"@executable_path/../Frameworks",
				);
				MACOSX_DEPLOYMENT_TARGET = 14.0;
				MARKETING_VERSION = 0.1.0;
				PRODUCT_BUNDLE_IDENTIFIER = com.truewebber.truerpc;
				PRODUCT_NAME = "$(TARGET_NAME)";
				SWIFT_EMIT_LOC_STRINGS = YES;
				SWIFT_VERSION = 5.0;
			};
			name = Release;
		};
		64BF740C2BC0060D003220E4 /* Debug */ = {
			isa = XCBuildConfiguration;
			buildSettings = {
				ALWAYS_EMBED_SWIFT_STANDARD_LIBRARIES = YES;
				BUNDLE_LOADER = "$(TEST_HOST)";
				CODE_SIGN_STYLE = Automatic;
				CURRENT_PROJECT_VERSION = 1;
				DEAD_CODE_STRIPPING = YES;
				DEVELOPMENT_TEAM = 57UWRPUUGM;
				GENERATE_INFOPLIST_FILE = YES;
				MACOSX_DEPLOYMENT_TARGET = 14.0;
				MARKETING_VERSION = 1.0;
				PRODUCT_BUNDLE_IDENTIFIER = com.truewebber.TrueRPCTests;
				PRODUCT_NAME = "$(TARGET_NAME)";
				SWIFT_EMIT_LOC_STRINGS = NO;
				SWIFT_VERSION = 5.0;
				TEST_HOST = "$(BUILT_PRODUCTS_DIR)/TrueRPC.app/$(BUNDLE_EXECUTABLE_FOLDER_PATH)/TrueRPC";
			};
			name = Debug;
		};
		64BF740D2BC0060D003220E4 /* Release */ = {
			isa = XCBuildConfiguration;
			buildSettings = {
				ALWAYS_EMBED_SWIFT_STANDARD_LIBRARIES = YES;
				BUNDLE_LOADER = "$(TEST_HOST)";
				CODE_SIGN_STYLE = Automatic;
				CURRENT_PROJECT_VERSION = 1;
				DEAD_CODE_STRIPPING = YES;
				DEVELOPMENT_TEAM = 57UWRPUUGM;
				GENERATE_INFOPLIST_FILE = YES;
				MACOSX_DEPLOYMENT_TARGET = 14.0;
				MARKETING_VERSION = 1.0;
				PRODUCT_BUNDLE_IDENTIFIER = com.truewebber.TrueRPCTests;
				PRODUCT_NAME = "$(TARGET_NAME)";
				SWIFT_EMIT_LOC_STRINGS = NO;
				SWIFT_VERSION = 5.0;
				TEST_HOST = "$(BUILT_PRODUCTS_DIR)/TrueRPC.app/$(BUNDLE_EXECUTABLE_FOLDER_PATH)/TrueRPC";
			};
			name = Release;
		};
		64BF740F2BC0060D003220E4 /* Debug */ = {
			isa = XCBuildConfiguration;
			buildSettings = {
				ALWAYS_EMBED_SWIFT_STANDARD_LIBRARIES = YES;
				CODE_SIGN_STYLE = Automatic;
				CURRENT_PROJECT_VERSION = 1;
				DEAD_CODE_STRIPPING = YES;
				DEVELOPMENT_TEAM = 57UWRPUUGM;
				GENERATE_INFOPLIST_FILE = YES;
				MARKETING_VERSION = 1.0;
				PRODUCT_BUNDLE_IDENTIFIER = com.truewebber.TrueRPCUITests;
				PRODUCT_NAME = "$(TARGET_NAME)";
				SWIFT_EMIT_LOC_STRINGS = NO;
				SWIFT_VERSION = 5.0;
				TEST_TARGET_NAME = TrueRPC;
			};
			name = Debug;
		};
		64BF74102BC0060D003220E4 /* Release */ = {
			isa = XCBuildConfiguration;
			buildSettings = {
				ALWAYS_EMBED_SWIFT_STANDARD_LIBRARIES = YES;
				CODE_SIGN_STYLE = Automatic;
				CURRENT_PROJECT_VERSION = 1;
				DEAD_CODE_STRIPPING = YES;
				DEVELOPMENT_TEAM = 57UWRPUUGM;
				GENERATE_INFOPLIST_FILE = YES;
				MARKETING_VERSION = 1.0;
				PRODUCT_BUNDLE_IDENTIFIER = com.truewebber.TrueRPCUITests;
				PRODUCT_NAME = "$(TARGET_NAME)";
				SWIFT_EMIT_LOC_STRINGS = NO;
				SWIFT_VERSION = 5.0;
				TEST_TARGET_NAME = TrueRPC;
			};
			name = Release;
		};
/* End XCBuildConfiguration section */

/* Begin XCConfigurationList section */
		64BF73DC2BC0060C003220E4 /* Build configuration list for PBXProject "TrueRPC" */ = {
			isa = XCConfigurationList;
			buildConfigurations = (
				64BF74062BC0060D003220E4 /* Debug */,
				64BF74072BC0060D003220E4 /* Release */,
			);
			defaultConfigurationIsVisible = 0;
			defaultConfigurationName = Release;
		};
		64BF74082BC0060D003220E4 /* Build configuration list for PBXNativeTarget "TrueRPC" */ = {
			isa = XCConfigurationList;
			buildConfigurations = (
				64BF74092BC0060D003220E4 /* Debug */,
				64BF740A2BC0060D003220E4 /* Release */,
			);
			defaultConfigurationIsVisible = 0;
			defaultConfigurationName = Release;
		};
		64BF740B2BC0060D003220E4 /* Build configuration list for PBXNativeTarget "TrueRPCTests" */ = {
			isa = XCConfigurationList;
			buildConfigurations = (
				64BF740C2BC0060D003220E4 /* Debug */,
				64BF740D2BC0060D003220E4 /* Release */,
			);
			defaultConfigurationIsVisible = 0;
			defaultConfigurationName = Release;
		};
		64BF740E2BC0060D003220E4 /* Build configuration list for PBXNativeTarget "TrueRPCUITests" */ = {
			isa = XCConfigurationList;
			buildConfigurations = (
				64BF740F2BC0060D003220E4 /* Debug */,
				64BF74102BC0060D003220E4 /* Release */,
			);
			defaultConfigurationIsVisible = 0;
			defaultConfigurationName = Release;
		};
/* End XCConfigurationList section */

/* Begin XCRemoteSwiftPackageReference section */
		64A904882C4BF19A00085F88 /* XCRemoteSwiftPackageReference "swift-protobuf" */ = {
			isa = XCRemoteSwiftPackageReference;
			repositoryURL = "https://github.com/apple/swift-protobuf.git";
			requirement = {
				kind = upToNextMajorVersion;
				minimumVersion = 1.27.0;
			};
		};
/* End XCRemoteSwiftPackageReference section */

/* Begin XCSwiftPackageProductDependency section */
		64A904892C4BF19A00085F88 /* SwiftProtobuf */ = {
			isa = XCSwiftPackageProductDependency;
			package = 64A904882C4BF19A00085F88 /* XCRemoteSwiftPackageReference "swift-protobuf" */;
			productName = SwiftProtobuf;
		};
/* End XCSwiftPackageProductDependency section */
	};
	rootObject = 64BF73D92BC0060C003220E4 /* Project object */;
}
